
Microsoft Visual Studio Solution File, Format Version 12.00
# Visual Studio 2012
Project("{FAE04EC0-301F-11D3-BF4B-00C04F79EFBC}") = "MvcCaptchaProject", "MvcCaptchaProject\MvcCaptchaProject.csproj", "{B72EDA83-3051-4A69-9DEE-BE574DE6E386}"
EndProject
Project("{FAE04EC0-301F-11D3-BF4B-00C04F79EFBC}") = "MvcCaptcha", "MvcCaptcha\MvcCaptcha.csproj", "{D7F2DD3B-9272-4454-8B32-2934AE501FFE}"
EndProject
Global
	GlobalSection(SolutionConfigurationPlatforms) = preSolution
		Debug|Any CPU = Debug|Any CPU
		Release|Any CPU = Release|Any CPU
	EndGlobalSection
	GlobalSection(ProjectConfigurationPlatforms) = postSolution
		{B72EDA83-3051-4A69-9DEE-BE574DE6E386}.Debug|Any CPU.ActiveCfg = Debug|Any CPU
		{B72EDA83-3051-4A69-9DEE-BE574DE6E386}.Debug|Any CPU.Build.0 = Debug|Any CPU
		{B72EDA83-3051-4A69-9DEE-BE574DE6E386}.Release|Any CPU.ActiveCfg = Release|Any CPU
		{B72EDA83-3051-4A69-9DEE-BE574DE6E386}.Release|Any CPU.Build.0 = Release|Any CPU
		{D7F2DD3B-9272-4454-8B32-2934AE501FFE}.Debug|Any CPU.ActiveCfg = Debug|Any CPU
		{D7F2DD3B-9272-4454-8B32-2934AE501FFE}.Debug|Any CPU.Build.0 = Debug|Any CPU
		{D7F2DD3B-9272-4454-8B32-2934AE501FFE}.Release|Any CPU.ActiveCfg = Release|Any CPU
		{D7F2DD3B-9272-4454-8B32-2934AE501FFE}.Release|Any CPU.Build.0 = Release|Any CPU
	EndGlobalSection
	GlobalSection(SolutionProperties) = preSolution
		HideSolutionNode = FALSE
	EndGlobalSection
EndGlobal
